
Microsoft Visual Studio Solution File, Format Version 12.00
# Visual Studio Version 16
VisualStudioVersion = 16.0.31702.278
MinimumVisualStudioVersion = 10.0.40219.1
Project("{FAE04EC0-301F-11D3-BF4B-00C04F79EFBC}") = "CodeView", "CodeView.csproj", "{3EC15BD3-00D0-4D70-9EA5-A75A3E89AB65}"
EndProject
Global
	GlobalSection(SolutionConfigurationPlatforms) = preSolution
		Debug|Any CPU = Debug|Any CPU
		Release|Any CPU = Release|Any CPU
	EndGlobalSection
	GlobalSection(ProjectConfigurationPlatforms) = postSolution
		{3EC15BD3-00D0-4D70-9EA5-A75A3E89AB65}.Debug|Any CPU.ActiveCfg = Debug|Any CPU
		{3EC15BD3-00D0-4D70-9EA5-A75A3E89AB65}.Debug|Any CPU.Build.0 = Debug|Any CPU
		{3EC15BD3-00D0-4D70-9EA5-A75A3E89AB65}.Release|Any CPU.ActiveCfg = Release|Any CPU
		{3EC15BD3-00D0-4D70-9EA5-A75A3E89AB65}.Release|Any CPU.Build.0 = Release|Any CPU
	EndGlobalSection
	GlobalSection(SolutionProperties) = preSolution
		HideSolutionNode = FALSE
	EndGlobalSection
	GlobalSection(ExtensibilityGlobals) = postSolution
		SolutionGuid = {EABACAD0-DB07-4823-B89D-98FC9C8A98C7}
	EndGlobalSection
EndGlobal
